// !$*UTF8*$!
{
	archiveVersion = 1;
	classes = {
	};
	objectVersion = 51;
	objects = {

/* Begin PBXBuildFile section */
		06EB80DD94FBE16A847E9E6B /* Pods_HiroyukiVoiceAppTests.framework in Frameworks */ = {isa = PBXBuildFile; fileRef = 4E9882D89FA1D2CDB834F63D /* Pods_HiroyukiVoiceAppTests.framework */; };
		2E2139490E31EFC80E0BB10B /* Pods_HiroyukiVoiceApp_HiroyukiVoiceAppUITests.framework in Frameworks */ = {isa = PBXBuildFile; fileRef = 7CB12662C7F2AB047DBA834D /* Pods_HiroyukiVoiceApp_HiroyukiVoiceAppUITests.framework */; };
		9E40094F264A98C0001F0BED /* OtherViewController.swift in Sources */ = {isa = PBXBuildFile; fileRef = 9E40094E264A98C0001F0BED /* OtherViewController.swift */; };
		9E647CD82664C4C600F05466 /* ちょ、ちょっと聞けよお前!.mp3 in Resources */ = {isa = PBXBuildFile; fileRef = 9E647CD72664C4C600F05466 /* ちょ、ちょっと聞けよお前!.mp3 */; };
		9E647CDA2664C55300F05466 /* もう帰るわ!.mp3 in Resources */ = {isa = PBXBuildFile; fileRef = 9E647CD92664C55300F05466 /* もう帰るわ!.mp3 */; };
		9E647CDC2664CBA400F05466 /* 今家ですよね？どこに帰るんですかwww.mp3 in Resources */ = {isa = PBXBuildFile; fileRef = 9E647CDB2664CBA400F05466 /* 今家ですよね？どこに帰るんですかwww.mp3 */; };
		9E647CDE2664D0B800F05466 /* 芸能人崩れなのよ.mp3 in Resources */ = {isa = PBXBuildFile; fileRef = 9E647CDD2664D0B800F05466 /* 芸能人崩れなのよ.mp3 */; };
		9E647CE0266A667B00F05466 /* おっさんがだらだら.mp3 in Resources */ = {isa = PBXBuildFile; fileRef = 9E647CDF266A667B00F05466 /* おっさんがだらだら.mp3 */; };
		9E647CE4266A6B8100F05466 /* ﾌｰﾝ^3.mp3 in Resources */ = {isa = PBXBuildFile; fileRef = 9E647CE3266A6B8100F05466 /* ﾌｰﾝ^3.mp3 */; };
		9E647CEC266A6E7C00F05466 /* ひろゆき増殖.mp3 in Resources */ = {isa = PBXBuildFile; fileRef = 9E647CEB266A6E7C00F05466 /* ひろゆき増殖.mp3 */; };
		9E647CEE266B9F7C00F05466 /* お、おうw.mp3 in Resources */ = {isa = PBXBuildFile; fileRef = 9E647CED266B9F7C00F05466 /* お、おうw.mp3 */; };
		9E711E27260A932900C6E5E7 /* AppDelegate.swift in Sources */ = {isa = PBXBuildFile; fileRef = 9E711E26260A932900C6E5E7 /* AppDelegate.swift */; };
		9E711E29260A932900C6E5E7 /* SceneDelegate.swift in Sources */ = {isa = PBXBuildFile; fileRef = 9E711E28260A932900C6E5E7 /* SceneDelegate.swift */; };
		9E711E2E260A932900C6E5E7 /* Main.storyboard in Resources */ = {isa = PBXBuildFile; fileRef = 9E711E2C260A932900C6E5E7 /* Main.storyboard */; };
		9E711E30260A932900C6E5E7 /* Assets.xcassets in Resources */ = {isa = PBXBuildFile; fileRef = 9E711E2F260A932900C6E5E7 /* Assets.xcassets */; };
		9E711E33260A932900C6E5E7 /* LaunchScreen.storyboard in Resources */ = {isa = PBXBuildFile; fileRef = 9E711E31260A932900C6E5E7 /* LaunchScreen.storyboard */; };
		9E711E3E260A932900C6E5E7 /* HiroyukiVoiceAppTests.swift in Sources */ = {isa = PBXBuildFile; fileRef = 9E711E3D260A932900C6E5E7 /* HiroyukiVoiceAppTests.swift */; };
		9E711E49260A932A00C6E5E7 /* HiroyukiVoiceAppUITests.swift in Sources */ = {isa = PBXBuildFile; fileRef = 9E711E48260A932A00C6E5E7 /* HiroyukiVoiceAppUITests.swift */; };
		9E711E65260A996900C6E5E7 /* PowerfulQuoteViewController.swift in Sources */ = {isa = PBXBuildFile; fileRef = 9E711E64260A996900C6E5E7 /* PowerfulQuoteViewController.swift */; };
		9E711E74260AA50C00C6E5E7 /* ウソつくのやめてもらっていいですか?.mp3 in Resources */ = {isa = PBXBuildFile; fileRef = 9E711E6E260AA50C00C6E5E7 /* ウソつくのやめてもらっていいですか?.mp3 */; };
		9E711E75260AA50C00C6E5E7 /* あなたの感想ですよね?.mp3 in Resources */ = {isa = PBXBuildFile; fileRef = 9E711E6F260AA50C00C6E5E7 /* あなたの感想ですよね?.mp3 */; };
		9E711E76260AA50C00C6E5E7 /* 写像？.mp3 in Resources */ = {isa = PBXBuildFile; fileRef = 9E711E70260AA50C00C6E5E7 /* 写像？.mp3 */; };
		9E711E77260AA50C00C6E5E7 /* はい、いいえで答えてください.mp3 in Resources */ = {isa = PBXBuildFile; fileRef = 9E711E71260AA50C00C6E5E7 /* はい、いいえで答えてください.mp3 */; };
		9E711E78260AA50C00C6E5E7 /* なんかそういうデータあるんですか?.mp3 in Resources */ = {isa = PBXBuildFile; fileRef = 9E711E72260AA50C00C6E5E7 /* なんかそういうデータあるんですか?.mp3 */; };
		9E711E79260AA50C00C6E5E7 /* うそはうそであると見抜ける人でないと.mp3 in Resources */ = {isa = PBXBuildFile; fileRef = 9E711E73260AA50C00C6E5E7 /* うそはうそであると見抜ける人でないと.mp3 */; };
		9E711E7E260AA61500C6E5E7 /* StreamingViewController_01.swift in Sources */ = {isa = PBXBuildFile; fileRef = 9E711E7D260AA61500C6E5E7 /* StreamingViewController_01.swift */; };
		9E711E83260AB0AF00C6E5E7 /* StreamingViewController_02.swift in Sources */ = {isa = PBXBuildFile; fileRef = 9E711E82260AB0AF00C6E5E7 /* StreamingViewController_02.swift */; };
		9E711E88260AB2C000C6E5E7 /* ExtraViewController.swift in Sources */ = {isa = PBXBuildFile; fileRef = 9E711E87260AB2C000C6E5E7 /* ExtraViewController.swift */; };
		9E7A3D45266F62A0006EDF04 /* 打ち合わせ戻っていいですかw.mp3 in Resources */ = {isa = PBXBuildFile; fileRef = 9E7A3D44266F62A0006EDF04 /* 打ち合わせ戻っていいですかw.mp3 */; };
		9EBB4BAB263555EF0090B015 /* 僕の知り合い.mp3 in Resources */ = {isa = PBXBuildFile; fileRef = 9EBB4BAA263555EF0090B015 /* 僕の知り合い.mp3 */; };
		9ED7CA222625D06500DA9FDC /* ツイッター.mp3 in Resources */ = {isa = PBXBuildFile; fileRef = 9ED7CA212625D06500DA9FDC /* ツイッター.mp3 */; };
		9ED7CA2F2625D48200DA9FDC /* 彼女というか奥さんというか家内というか.mp3 in Resources */ = {isa = PBXBuildFile; fileRef = 9ED7CA2E2625D48200DA9FDC /* 彼女というか奥さんというか家内というか.mp3 */; };
		9ED7CA342625D5CA00DA9FDC /* 好きじゃねーよ!.mp3 in Resources */ = {isa = PBXBuildFile; fileRef = 9ED7CA332625D5CA00DA9FDC /* 好きじゃねーよ!.mp3 */; };
		9ED7CA412625D75200DA9FDC /* 野菜は美味しいから食べるの!.mp3 in Resources */ = {isa = PBXBuildFile; fileRef = 9ED7CA402625D75200DA9FDC /* 野菜は美味しいから食べるの!.mp3 */; };
		9ED7CA462625D8F300DA9FDC /* びっくりするぐらい無能だったんですよね.mp3 in Resources */ = {isa = PBXBuildFile; fileRef = 9ED7CA452625D8F300DA9FDC /* びっくりするぐらい無能だったんですよね.mp3 */; };
		9ED7CA4B2625DD0E00DA9FDC /* ぼく、自分が喋った事覚えてないんですよねw.mp3 in Resources */ = {isa = PBXBuildFile; fileRef = 9ED7CA4A2625DD0E00DA9FDC /* ぼく、自分が喋った事覚えてないんですよねw.mp3 */; };
		9ED7CA7D2625E1C600DA9FDC /* バカな人ほど自分を頭良いと.mp3 in Resources */ = {isa = PBXBuildFile; fileRef = 9ED7CA7C2625E1C600DA9FDC /* バカな人ほど自分を頭良いと.mp3 */; };
		9ED7CA852625E39800DA9FDC /* バカなんだから.mp3 in Resources */ = {isa = PBXBuildFile; fileRef = 9ED7CA842625E39800DA9FDC /* バカなんだから.mp3 */; };
		9ED7CA8F2625E45E00DA9FDC /* バカなんじゃねぇかな.mp3 in Resources */ = {isa = PBXBuildFile; fileRef = 9ED7CA8E2625E45E00DA9FDC /* バカなんじゃねぇかな.mp3 */; };
		9ED7CA972625E4E500DA9FDC /* バカなの?.mp3 in Resources */ = {isa = PBXBuildFile; fileRef = 9ED7CA962625E4E500DA9FDC /* バカなの?.mp3 */; };
		9ED7CAA72625E9C700DA9FDC /* ルビアガレガ.mp3 in Resources */ = {isa = PBXBuildFile; fileRef = 9ED7CAA62625E9C700DA9FDC /* ルビアガレガ.mp3 */; };
		9ED7CAAC2625EAE500DA9FDC /* ビブラートひろゆき.mp3 in Resources */ = {isa = PBXBuildFile; fileRef = 9ED7CAAB2625EAE500DA9FDC /* ビブラートひろゆき.mp3 */; };
		9ED7CAB12625EC6700DA9FDC /* ッウェッウェッウェッw.mp3 in Resources */ = {isa = PBXBuildFile; fileRef = 9ED7CAB02625EC6700DA9FDC /* ッウェッウェッウェッw.mp3 */; };
		9ED7CAB62625ED8100DA9FDC /* はずかしぃ!.mp3 in Resources */ = {isa = PBXBuildFile; fileRef = 9ED7CAB52625ED8100DA9FDC /* はずかしぃ!.mp3 */; };
		9ED7CAC32625F03800DA9FDC /* 千と千尋ってそんな面白くないよね.mp3 in Resources */ = {isa = PBXBuildFile; fileRef = 9ED7CAC22625F03800DA9FDC /* 千と千尋ってそんな面白くないよね.mp3 */; };
		9ED7CACD2625F67000DA9FDC /* 無理です.mp3 in Resources */ = {isa = PBXBuildFile; fileRef = 9ED7CACC2625F67000DA9FDC /* 無理です.mp3 */; };
		9ED7CAD22625F8F600DA9FDC /* インターネットが写像であることに.mp3 in Resources */ = {isa = PBXBuildFile; fileRef = 9ED7CAD12625F8F600DA9FDC /* インターネットが写像であることに.mp3 */; };
		9ED7CAD72625F9BD00DA9FDC /* ダメだこれ.mp3 in Resources */ = {isa = PBXBuildFile; fileRef = 9ED7CAD62625F9BD00DA9FDC /* ダメだこれ.mp3 */; };
		9ED7CADF2625FAD700DA9FDC /* ベーシックインカマー.mp3 in Resources */ = {isa = PBXBuildFile; fileRef = 9ED7CADE2625FAD700DA9FDC /* ベーシックインカマー.mp3 */; };
		9ED7CAE42625FD0F00DA9FDC /* 我好西村博之.mp3 in Resources */ = {isa = PBXBuildFile; fileRef = 9ED7CAE32625FD0F00DA9FDC /* 我好西村博之.mp3 */; };
		9ED7CAEE2625FFCB00DA9FDC /* おやすみなさい.mp3 in Resources */ = {isa = PBXBuildFile; fileRef = 9ED7CAED2625FFCB00DA9FDC /* おやすみなさい.mp3 */; };
		9ED7CB06262600D400DA9FDC /* バーカ!!.mp3 in Resources */ = {isa = PBXBuildFile; fileRef = 9ED7CB05262600D400DA9FDC /* バーカ!!.mp3 */; };
		9ED7CB0B2626013D00DA9FDC /* バカだと思います.mp3 in Resources */ = {isa = PBXBuildFile; fileRef = 9ED7CB0A2626013D00DA9FDC /* バカだと思います.mp3 */; };
		9ED7CB152626032700DA9FDC /* 知能の問題.mp3 in Resources */ = {isa = PBXBuildFile; fileRef = 9ED7CB142626032700DA9FDC /* 知能の問題.mp3 */; };
		9ED7CB1D2626040600DA9FDC /* 既存のコピー.mp3 in Resources */ = {isa = PBXBuildFile; fileRef = 9ED7CB1C2626040600DA9FDC /* 既存のコピー.mp3 */; };
		9ED7CB22262605E900DA9FDC /* コッコピ.mp3 in Resources */ = {isa = PBXBuildFile; fileRef = 9ED7CB21262605E900DA9FDC /* コッコピ.mp3 */; };
		9ED7CB272626078600DA9FDC /* シャトーブリオン.mp3 in Resources */ = {isa = PBXBuildFile; fileRef = 9ED7CB262626078600DA9FDC /* シャトーブリオン.mp3 */; };
		9ED7CB3E26260ACD00DA9FDC /* Chinise Go!(中国人消えろ).mp3 in Resources */ = {isa = PBXBuildFile; fileRef = 9ED7CB3D26260ACD00DA9FDC /* Chinise Go!(中国人消えろ).mp3 */; };
		9ED7CB4326260AD200DA9FDC /* Suis ne pas chinois(中国人じゃないよ).mp3 in Resources */ = {isa = PBXBuildFile; fileRef = 9ED7CB4226260AD200DA9FDC /* Suis ne pas chinois(中国人じゃないよ).mp3 */; };
		9ED7CB4B26260BF800DA9FDC /* しゃぞー.mp3 in Resources */ = {isa = PBXBuildFile; fileRef = 9ED7CB4A26260BF800DA9FDC /* しゃぞー.mp3 */; };
		9ED7CB562626107600DA9FDC /* トゥクトゥクボウシ.mp3 in Resources */ = {isa = PBXBuildFile; fileRef = 9ED7CB552626107600DA9FDC /* トゥクトゥクボウシ.mp3 */; };
		9ED7CB622626112A00DA9FDC /* トゥイッター.mp3 in Resources */ = {isa = PBXBuildFile; fileRef = 9ED7CB612626112A00DA9FDC /* トゥイッター.mp3 */; };
		9ED7CB672629AFCC00DA9FDC /* ところがどっこい〜.mp3 in Resources */ = {isa = PBXBuildFile; fileRef = 9ED7CB662629AFCC00DA9FDC /* ところがどっこい〜.mp3 */; };
		9ED7CB75262ADA0500DA9FDC /* 嫌です.mp3 in Resources */ = {isa = PBXBuildFile; fileRef = 9ED7CB74262ADA0500DA9FDC /* 嫌です.mp3 */; };
		9ED7CBB5262AE0DF00DA9FDC /* 朝だから起きて～.mp3 in Resources */ = {isa = PBXBuildFile; fileRef = 9ED7CBB4262AE0DF00DA9FDC /* 朝だから起きて～.mp3 */; };
		9ED7CBDA262AE62400DA9FDC /* ベーシックインカム.mp3 in Resources */ = {isa = PBXBuildFile; fileRef = 9ED7CBD9262AE62400DA9FDC /* ベーシックインカム.mp3 */; };
		9EDDBAED2625C48B00E3987E /* 不快感を覚えた自分に驚いたんだよね.mp3 in Resources */ = {isa = PBXBuildFile; fileRef = 9EDDBAEC2625C48B00E3987E /* 不快感を覚えた自分に驚いたんだよね.mp3 */; };
		9EDDBAF22625C6BD00E3987E /* 人に対して失礼じゃないですか?.mp3 in Resources */ = {isa = PBXBuildFile; fileRef = 9EDDBAF12625C6BD00E3987E /* 人に対して失礼じゃないですか?.mp3 */; };
		9EDDBAF72625C7AD00E3987E /* 舌を肥やすなメシが不味くなるぞ.mp3 in Resources */ = {isa = PBXBuildFile; fileRef = 9EDDBAF62625C7AD00E3987E /* 舌を肥やすなメシが不味くなるぞ.mp3 */; };
		9EDDBAFC2625C98400E3987E /* トラブル避けた方がいいじゃないですか!.mp3 in Resources */ = {isa = PBXBuildFile; fileRef = 9EDDBAFB2625C98400E3987E /* トラブル避けた方がいいじゃないですか!.mp3 */; };
		B994FFA387DBDDBA5E26CA70 /* Pods_HiroyukiVoiceApp.framework in Frameworks */ = {isa = PBXBuildFile; fileRef = C8F370E72E61EE73EF3BC1FC /* Pods_HiroyukiVoiceApp.framework */; };
/* End PBXBuildFile section */

/* Begin PBXContainerItemProxy section */
		9E711E3A260A932900C6E5E7 /* PBXContainerItemProxy */ = {
			isa = PBXContainerItemProxy;
			containerPortal = 9E711E1B260A932900C6E5E7 /* Project object */;
			proxyType = 1;
			remoteGlobalIDString = 9E711E22260A932900C6E5E7;
			remoteInfo = HiroyukiVoiceApp;
		};
		9E711E45260A932900C6E5E7 /* PBXContainerItemProxy */ = {
			isa = PBXContainerItemProxy;
			containerPortal = 9E711E1B260A932900C6E5E7 /* Project object */;
			proxyType = 1;
			remoteGlobalIDString = 9E711E22260A932900C6E5E7;
			remoteInfo = HiroyukiVoiceApp;
		};
/* End PBXContainerItemProxy section */

/* Begin PBXFileReference section */
		32AE42BDD597F8EF05DCB8F9 /* Pods-HiroyukiVoiceApp-HiroyukiVoiceAppUITests.release.xcconfig */ = {isa = PBXFileReference; includeInIndex = 1; lastKnownFileType = text.xcconfig; name = "Pods-HiroyukiVoiceApp-HiroyukiVoiceAppUITests.release.xcconfig"; path = "Target Support Files/Pods-HiroyukiVoiceApp-HiroyukiVoiceAppUITests/Pods-HiroyukiVoiceApp-HiroyukiVoiceAppUITests.release.xcconfig"; sourceTree = "<group>"; };
		359BF802DF870DD51912B482 /* Pods-HiroyukiVoiceAppTests.release.xcconfig */ = {isa = PBXFileReference; includeInIndex = 1; lastKnownFileType = text.xcconfig; name = "Pods-HiroyukiVoiceAppTests.release.xcconfig"; path = "Target Support Files/Pods-HiroyukiVoiceAppTests/Pods-HiroyukiVoiceAppTests.release.xcconfig"; sourceTree = "<group>"; };
		4E9882D89FA1D2CDB834F63D /* Pods_HiroyukiVoiceAppTests.framework */ = {isa = PBXFileReference; explicitFileType = wrapper.framework; includeInIndex = 0; path = Pods_HiroyukiVoiceAppTests.framework; sourceTree = BUILT_PRODUCTS_DIR; };
		7CB12662C7F2AB047DBA834D /* Pods_HiroyukiVoiceApp_HiroyukiVoiceAppUITests.framework */ = {isa = PBXFileReference; explicitFileType = wrapper.framework; includeInIndex = 0; path = Pods_HiroyukiVoiceApp_HiroyukiVoiceAppUITests.framework; sourceTree = BUILT_PRODUCTS_DIR; };
		9E2AB6AE2655271E00CA538E /* ja */ = {isa = PBXFileReference; lastKnownFileType = text.plist.strings; name = ja; path = ja.lproj/Main.strings; sourceTree = "<group>"; };
		9E2AB6AF2655271E00CA538E /* ja */ = {isa = PBXFileReference; lastKnownFileType = text.plist.strings; name = ja; path = ja.lproj/LaunchScreen.strings; sourceTree = "<group>"; };
		9E40094E264A98C0001F0BED /* OtherViewController.swift */ = {isa = PBXFileReference; lastKnownFileType = sourcecode.swift; path = OtherViewController.swift; sourceTree = "<group>"; };
		9E647CD72664C4C600F05466 /* ちょ、ちょっと聞けよお前!.mp3 */ = {isa = PBXFileReference; lastKnownFileType = audio.mp3; path = "ちょ、ちょっと聞けよお前!.mp3"; sourceTree = "<group>"; };
		9E647CD92664C55300F05466 /* もう帰るわ!.mp3 */ = {isa = PBXFileReference; lastKnownFileType = audio.mp3; path = "もう帰るわ!.mp3"; sourceTree = "<group>"; };
		9E647CDB2664CBA400F05466 /* 今家ですよね？どこに帰るんですかwww.mp3 */ = {isa = PBXFileReference; lastKnownFileType = audio.mp3; path = "今家ですよね？どこに帰るんですかwww.mp3"; sourceTree = "<group>"; };
		9E647CDD2664D0B800F05466 /* 芸能人崩れなのよ.mp3 */ = {isa = PBXFileReference; lastKnownFileType = audio.mp3; path = "芸能人崩れなのよ.mp3"; sourceTree = "<group>"; };
		9E647CDF266A667B00F05466 /* おっさんがだらだら.mp3 */ = {isa = PBXFileReference; lastKnownFileType = audio.mp3; path = "おっさんがだらだら.mp3"; sourceTree = "<group>"; };
		9E647CE3266A6B8100F05466 /* ﾌｰﾝ^3.mp3 */ = {isa = PBXFileReference; lastKnownFileType = audio.mp3; path = "ﾌｰﾝ^3.mp3"; sourceTree = "<group>"; };
		9E647CEB266A6E7C00F05466 /* ひろゆき増殖.mp3 */ = {isa = PBXFileReference; lastKnownFileType = audio.mp3; name = "ひろゆき増殖.mp3"; path = "../../../../../Music/ひろゆき増殖.mp3"; sourceTree = "<group>"; };
		9E647CED266B9F7C00F05466 /* お、おうw.mp3 */ = {isa = PBXFileReference; lastKnownFileType = audio.mp3; path = "お、おうw.mp3"; sourceTree = "<group>"; };
		9E711E23260A932900C6E5E7 /* HiroyukiVoiceApp.app */ = {isa = PBXFileReference; explicitFileType = wrapper.application; includeInIndex = 0; path = HiroyukiVoiceApp.app; sourceTree = BUILT_PRODUCTS_DIR; };
		9E711E26260A932900C6E5E7 /* AppDelegate.swift */ = {isa = PBXFileReference; lastKnownFileType = sourcecode.swift; path = AppDelegate.swift; sourceTree = "<group>"; };
		9E711E28260A932900C6E5E7 /* SceneDelegate.swift */ = {isa = PBXFileReference; lastKnownFileType = sourcecode.swift; path = SceneDelegate.swift; sourceTree = "<group>"; };
		9E711E2D260A932900C6E5E7 /* Base */ = {isa = PBXFileReference; lastKnownFileType = file.storyboard; name = Base; path = Base.lproj/Main.storyboard; sourceTree = "<group>"; };
		9E711E2F260A932900C6E5E7 /* Assets.xcassets */ = {isa = PBXFileReference; lastKnownFileType = folder.assetcatalog; path = Assets.xcassets; sourceTree = "<group>"; };
		9E711E32260A932900C6E5E7 /* Base */ = {isa = PBXFileReference; lastKnownFileType = file.storyboard; name = Base; path = Base.lproj/LaunchScreen.storyboard; sourceTree = "<group>"; };
		9E711E34260A932900C6E5E7 /* Info.plist */ = {isa = PBXFileReference; lastKnownFileType = text.plist.xml; path = Info.plist; sourceTree = "<group>"; };
		9E711E39260A932900C6E5E7 /* HiroyukiVoiceAppTests.xctest */ = {isa = PBXFileReference; explicitFileType = wrapper.cfbundle; includeInIndex = 0; path = HiroyukiVoiceAppTests.xctest; sourceTree = BUILT_PRODUCTS_DIR; };
		9E711E3D260A932900C6E5E7 /* HiroyukiVoiceAppTests.swift */ = {isa = PBXFileReference; lastKnownFileType = sourcecode.swift; path = HiroyukiVoiceAppTests.swift; sourceTree = "<group>"; };
		9E711E3F260A932900C6E5E7 /* Info.plist */ = {isa = PBXFileReference; lastKnownFileType = text.plist.xml; path = Info.plist; sourceTree = "<group>"; };
		9E711E44260A932900C6E5E7 /* HiroyukiVoiceAppUITests.xctest */ = {isa = PBXFileReference; explicitFileType = wrapper.cfbundle; includeInIndex = 0; path = HiroyukiVoiceAppUITests.xctest; sourceTree = BUILT_PRODUCTS_DIR; };
		9E711E48260A932A00C6E5E7 /* HiroyukiVoiceAppUITests.swift */ = {isa = PBXFileReference; lastKnownFileType = sourcecode.swift; path = HiroyukiVoiceAppUITests.swift; sourceTree = "<group>"; };
		9E711E4A260A932A00C6E5E7 /* Info.plist */ = {isa = PBXFileReference; lastKnownFileType = text.plist.xml; path = Info.plist; sourceTree = "<group>"; };
		9E711E64260A996900C6E5E7 /* PowerfulQuoteViewController.swift */ = {isa = PBXFileReference; lastKnownFileType = sourcecode.swift; path = PowerfulQuoteViewController.swift; sourceTree = "<group>"; tabWidth = 2; };
		9E711E6E260AA50C00C6E5E7 /* ウソつくのやめてもらっていいですか?.mp3 */ = {isa = PBXFileReference; lastKnownFileType = audio.mp3; path = "ウソつくのやめてもらっていいですか?.mp3"; sourceTree = "<group>"; };
		9E711E6F260AA50C00C6E5E7 /* あなたの感想ですよね?.mp3 */ = {isa = PBXFileReference; lastKnownFileType = audio.mp3; path = "あなたの感想ですよね?.mp3"; sourceTree = "<group>"; };
		9E711E70260AA50C00C6E5E7 /* 写像？.mp3 */ = {isa = PBXFileReference; lastKnownFileType = audio.mp3; path = "写像？.mp3"; sourceTree = "<group>"; };
		9E711E71260AA50C00C6E5E7 /* はい、いいえで答えてください.mp3 */ = {isa = PBXFileReference; lastKnownFileType = audio.mp3; path = "はい、いいえで答えてください.mp3"; sourceTree = "<group>"; };
		9E711E72260AA50C00C6E5E7 /* なんかそういうデータあるんですか?.mp3 */ = {isa = PBXFileReference; lastKnownFileType = audio.mp3; path = "なんかそういうデータあるんですか?.mp3"; sourceTree = "<group>"; };
		9E711E73260AA50C00C6E5E7 /* うそはうそであると見抜ける人でないと.mp3 */ = {isa = PBXFileReference; lastKnownFileType = audio.mp3; path = "うそはうそであると見抜ける人でないと.mp3"; sourceTree = "<group>"; };
		9E711E7D260AA61500C6E5E7 /* StreamingViewController_01.swift */ = {isa = PBXFileReference; lastKnownFileType = sourcecode.swift; path = StreamingViewController_01.swift; sourceTree = "<group>"; };
		9E711E82260AB0AF00C6E5E7 /* StreamingViewController_02.swift */ = {isa = PBXFileReference; lastKnownFileType = sourcecode.swift; path = StreamingViewController_02.swift; sourceTree = "<group>"; };
		9E711E87260AB2C000C6E5E7 /* ExtraViewController.swift */ = {isa = PBXFileReference; lastKnownFileType = sourcecode.swift; path = ExtraViewController.swift; sourceTree = "<group>"; };
		9E7A3D44266F62A0006EDF04 /* 打ち合わせ戻っていいですかw.mp3 */ = {isa = PBXFileReference; lastKnownFileType = audio.mp3; path = "打ち合わせ戻っていいですかw.mp3"; sourceTree = "<group>"; };
		9EBB4BAA263555EF0090B015 /* 僕の知り合い.mp3 */ = {isa = PBXFileReference; lastKnownFileType = audio.mp3; name = "僕の知り合い.mp3"; path = "../../../../../Music/僕の知り合い.mp3"; sourceTree = "<group>"; };
		9ED7CA212625D06500DA9FDC /* ツイッター.mp3 */ = {isa = PBXFileReference; lastKnownFileType = audio.mp3; path = "ツイッター.mp3"; sourceTree = "<group>"; };
		9ED7CA2E2625D48200DA9FDC /* 彼女というか奥さんというか家内というか.mp3 */ = {isa = PBXFileReference; lastKnownFileType = audio.mp3; path = "彼女というか奥さんというか家内というか.mp3"; sourceTree = "<group>"; };
		9ED7CA332625D5CA00DA9FDC /* 好きじゃねーよ!.mp3 */ = {isa = PBXFileReference; lastKnownFileType = audio.mp3; path = "好きじゃねーよ!.mp3"; sourceTree = "<group>"; };
		9ED7CA402625D75200DA9FDC /* 野菜は美味しいから食べるの!.mp3 */ = {isa = PBXFileReference; lastKnownFileType = audio.mp3; name = "野菜は美味しいから食べるの!.mp3"; path = "../../../../../Music/野菜は美味しいから食べるの!.mp3"; sourceTree = "<group>"; };
		9ED7CA452625D8F300DA9FDC /* びっくりするぐらい無能だったんですよね.mp3 */ = {isa = PBXFileReference; lastKnownFileType = audio.mp3; path = "びっくりするぐらい無能だったんですよね.mp3"; sourceTree = "<group>"; };
		9ED7CA4A2625DD0E00DA9FDC /* ぼく、自分が喋った事覚えてないんですよねw.mp3 */ = {isa = PBXFileReference; lastKnownFileType = audio.mp3; path = "ぼく、自分が喋った事覚えてないんですよねw.mp3"; sourceTree = "<group>"; };
		9ED7CA7C2625E1C600DA9FDC /* バカな人ほど自分を頭良いと.mp3 */ = {isa = PBXFileReference; lastKnownFileType = audio.mp3; path = "バカな人ほど自分を頭良いと.mp3"; sourceTree = "<group>"; };
		9ED7CA842625E39800DA9FDC /* バカなんだから.mp3 */ = {isa = PBXFileReference; lastKnownFileType = audio.mp3; path = "バカなんだから.mp3"; sourceTree = "<group>"; };
		9ED7CA8E2625E45E00DA9FDC /* バカなんじゃねぇかな.mp3 */ = {isa = PBXFileReference; lastKnownFileType = audio.mp3; path = "バカなんじゃねぇかな.mp3"; sourceTree = "<group>"; };
		9ED7CA962625E4E500DA9FDC /* バカなの?.mp3 */ = {isa = PBXFileReference; lastKnownFileType = audio.mp3; path = "バカなの?.mp3"; sourceTree = "<group>"; };
		9ED7CAA62625E9C700DA9FDC /* ルビアガレガ.mp3 */ = {isa = PBXFileReference; lastKnownFileType = audio.mp3; path = "ルビアガレガ.mp3"; sourceTree = "<group>"; };
		9ED7CAAB2625EAE500DA9FDC /* ビブラートひろゆき.mp3 */ = {isa = PBXFileReference; lastKnownFileType = audio.mp3; path = "ビブラートひろゆき.mp3"; sourceTree = "<group>"; };
		9ED7CAB02625EC6700DA9FDC /* ッウェッウェッウェッw.mp3 */ = {isa = PBXFileReference; lastKnownFileType = audio.mp3; path = "ッウェッウェッウェッw.mp3"; sourceTree = "<group>"; };
		9ED7CAB52625ED8100DA9FDC /* はずかしぃ!.mp3 */ = {isa = PBXFileReference; lastKnownFileType = audio.mp3; path = "はずかしぃ!.mp3"; sourceTree = "<group>"; };
		9ED7CAC22625F03800DA9FDC /* 千と千尋ってそんな面白くないよね.mp3 */ = {isa = PBXFileReference; lastKnownFileType = audio.mp3; name = "千と千尋ってそんな面白くないよね.mp3"; path = "../名言/千と千尋ってそんな面白くないよね.mp3"; sourceTree = "<group>"; };
		9ED7CACC2625F67000DA9FDC /* 無理です.mp3 */ = {isa = PBXFileReference; lastKnownFileType = audio.mp3; path = "無理です.mp3"; sourceTree = "<group>"; };
		9ED7CAD12625F8F600DA9FDC /* インターネットが写像であることに.mp3 */ = {isa = PBXFileReference; lastKnownFileType = audio.mp3; path = "インターネットが写像であることに.mp3"; sourceTree = "<group>"; };
		9ED7CAD62625F9BD00DA9FDC /* ダメだこれ.mp3 */ = {isa = PBXFileReference; lastKnownFileType = audio.mp3; path = "ダメだこれ.mp3"; sourceTree = "<group>"; };
		9ED7CADE2625FAD700DA9FDC /* ベーシックインカマー.mp3 */ = {isa = PBXFileReference; lastKnownFileType = audio.mp3; name = "ベーシックインカマー.mp3"; path = "../../../../../Music/ベーシックインカマー.mp3"; sourceTree = "<group>"; };
		9ED7CAE32625FD0F00DA9FDC /* 我好西村博之.mp3 */ = {isa = PBXFileReference; lastKnownFileType = audio.mp3; path = "我好西村博之.mp3"; sourceTree = "<group>"; };
		9ED7CAED2625FFCB00DA9FDC /* おやすみなさい.mp3 */ = {isa = PBXFileReference; lastKnownFileType = audio.mp3; path = "おやすみなさい.mp3"; sourceTree = "<group>"; };
		9ED7CB05262600D400DA9FDC /* バーカ!!.mp3 */ = {isa = PBXFileReference; lastKnownFileType = audio.mp3; name = "バーカ!!.mp3"; path = "../../../../../Music/バーカ!!.mp3"; sourceTree = "<group>"; };
		9ED7CB0A2626013D00DA9FDC /* バカだと思います.mp3 */ = {isa = PBXFileReference; lastKnownFileType = audio.mp3; path = "バカだと思います.mp3"; sourceTree = "<group>"; };
		9ED7CB142626032700DA9FDC /* 知能の問題.mp3 */ = {isa = PBXFileReference; lastKnownFileType = audio.mp3; path = "知能の問題.mp3"; sourceTree = "<group>"; };
		9ED7CB1C2626040600DA9FDC /* 既存のコピー.mp3 */ = {isa = PBXFileReference; lastKnownFileType = audio.mp3; path = "既存のコピー.mp3"; sourceTree = "<group>"; };
		9ED7CB21262605E900DA9FDC /* コッコピ.mp3 */ = {isa = PBXFileReference; lastKnownFileType = audio.mp3; path = "コッコピ.mp3"; sourceTree = "<group>"; };
		9ED7CB262626078600DA9FDC /* シャトーブリオン.mp3 */ = {isa = PBXFileReference; lastKnownFileType = audio.mp3; path = "シャトーブリオン.mp3"; sourceTree = "<group>"; };
		9ED7CB3D26260ACD00DA9FDC /* Chinise Go!(中国人消えろ).mp3 */ = {isa = PBXFileReference; lastKnownFileType = audio.mp3; path = "Chinise Go!(中国人消えろ).mp3"; sourceTree = "<group>"; };
		9ED7CB4226260AD200DA9FDC /* Suis ne pas chinois(中国人じゃないよ).mp3 */ = {isa = PBXFileReference; lastKnownFileType = audio.mp3; path = "Suis ne pas chinois(中国人じゃないよ).mp3"; sourceTree = "<group>"; };
		9ED7CB4A26260BF800DA9FDC /* しゃぞー.mp3 */ = {isa = PBXFileReference; lastKnownFileType = audio.mp3; path = "しゃぞー.mp3"; sourceTree = "<group>"; };
		9ED7CB552626107600DA9FDC /* トゥクトゥクボウシ.mp3 */ = {isa = PBXFileReference; lastKnownFileType = audio.mp3; path = "トゥクトゥクボウシ.mp3"; sourceTree = "<group>"; };
		9ED7CB612626112A00DA9FDC /* トゥイッター.mp3 */ = {isa = PBXFileReference; lastKnownFileType = audio.mp3; name = "トゥイッター.mp3"; path = "../../../../../Music/トゥイッター.mp3"; sourceTree = "<group>"; };
		9ED7CB662629AFCC00DA9FDC /* ところがどっこい〜.mp3 */ = {isa = PBXFileReference; lastKnownFileType = audio.mp3; path = "ところがどっこい〜.mp3"; sourceTree = "<group>"; };
		9ED7CB74262ADA0500DA9FDC /* 嫌です.mp3 */ = {isa = PBXFileReference; lastKnownFileType = audio.mp3; path = "嫌です.mp3"; sourceTree = "<group>"; };
		9ED7CBB4262AE0DF00DA9FDC /* 朝だから起きて～.mp3 */ = {isa = PBXFileReference; lastKnownFileType = audio.mp3; name = "朝だから起きて～.mp3"; path = "../../../../../Music/朝だから起きて～.mp3"; sourceTree = "<group>"; };
		9ED7CBD9262AE62400DA9FDC /* ベーシックインカム.mp3 */ = {isa = PBXFileReference; lastKnownFileType = audio.mp3; name = "ベーシックインカム.mp3"; path = "../../../../../Music/ベーシックインカム.mp3"; sourceTree = "<group>"; };
		9EDDBAEC2625C48B00E3987E /* 不快感を覚えた自分に驚いたんだよね.mp3 */ = {isa = PBXFileReference; lastKnownFileType = audio.mp3; name = "不快感を覚えた自分に驚いたんだよね.mp3"; path = "../../../../../Music/不快感を覚えた自分に驚いたんだよね.mp3"; sourceTree = "<group>"; };
		9EDDBAF12625C6BD00E3987E /* 人に対して失礼じゃないですか?.mp3 */ = {isa = PBXFileReference; lastKnownFileType = audio.mp3; path = "人に対して失礼じゃないですか?.mp3"; sourceTree = "<group>"; };
		9EDDBAF62625C7AD00E3987E /* 舌を肥やすなメシが不味くなるぞ.mp3 */ = {isa = PBXFileReference; lastKnownFileType = audio.mp3; path = "舌を肥やすなメシが不味くなるぞ.mp3"; sourceTree = "<group>"; };
		9EDDBAFB2625C98400E3987E /* トラブル避けた方がいいじゃないですか!.mp3 */ = {isa = PBXFileReference; lastKnownFileType = audio.mp3; path = "トラブル避けた方がいいじゃないですか!.mp3"; sourceTree = "<group>"; };
		BC08C619B7DE81E08FE74286 /* Pods-HiroyukiVoiceApp.debug.xcconfig */ = {isa = PBXFileReference; includeInIndex = 1; lastKnownFileType = text.xcconfig; name = "Pods-HiroyukiVoiceApp.debug.xcconfig"; path = "Target Support Files/Pods-HiroyukiVoiceApp/Pods-HiroyukiVoiceApp.debug.xcconfig"; sourceTree = "<group>"; };
		BFA9D8F7866C102929F43D88 /* Pods-HiroyukiVoiceApp.release.xcconfig */ = {isa = PBXFileReference; includeInIndex = 1; lastKnownFileType = text.xcconfig; name = "Pods-HiroyukiVoiceApp.release.xcconfig"; path = "Target Support Files/Pods-HiroyukiVoiceApp/Pods-HiroyukiVoiceApp.release.xcconfig"; sourceTree = "<group>"; };
		C8F370E72E61EE73EF3BC1FC /* Pods_HiroyukiVoiceApp.framework */ = {isa = PBXFileReference; explicitFileType = wrapper.framework; includeInIndex = 0; path = Pods_HiroyukiVoiceApp.framework; sourceTree = BUILT_PRODUCTS_DIR; };
		D0FD81812D4861FD4D8093FF /* Pods-HiroyukiVoiceApp-HiroyukiVoiceAppUITests.debug.xcconfig */ = {isa = PBXFileReference; includeInIndex = 1; lastKnownFileType = text.xcconfig; name = "Pods-HiroyukiVoiceApp-HiroyukiVoiceAppUITests.debug.xcconfig"; path = "Target Support Files/Pods-HiroyukiVoiceApp-HiroyukiVoiceAppUITests/Pods-HiroyukiVoiceApp-HiroyukiVoiceAppUITests.debug.xcconfig"; sourceTree = "<group>"; };
		D18BA53AB98D56430086131A /* Pods-HiroyukiVoiceAppTests.debug.xcconfig */ = {isa = PBXFileReference; includeInIndex = 1; lastKnownFileType = text.xcconfig; name = "Pods-HiroyukiVoiceAppTests.debug.xcconfig"; path = "Target Support Files/Pods-HiroyukiVoiceAppTests/Pods-HiroyukiVoiceAppTests.debug.xcconfig"; sourceTree = "<group>"; };
/* End PBXFileReference section */

/* Begin PBXFrameworksBuildPhase section */
		9E711E20260A932900C6E5E7 /* Frameworks */ = {
			isa = PBXFrameworksBuildPhase;
			buildActionMask = 2147483647;
			files = (
				B994FFA387DBDDBA5E26CA70 /* Pods_HiroyukiVoiceApp.framework in Frameworks */,
			);
			runOnlyForDeploymentPostprocessing = 0;
		};
		9E711E36260A932900C6E5E7 /* Frameworks */ = {
			isa = PBXFrameworksBuildPhase;
			buildActionMask = 2147483647;
			files = (
				06EB80DD94FBE16A847E9E6B /* Pods_HiroyukiVoiceAppTests.framework in Frameworks */,
			);
			runOnlyForDeploymentPostprocessing = 0;
		};
		9E711E41260A932900C6E5E7 /* Frameworks */ = {
			isa = PBXFrameworksBuildPhase;
			buildActionMask = 2147483647;
			files = (
				2E2139490E31EFC80E0BB10B /* Pods_HiroyukiVoiceApp_HiroyukiVoiceAppUITests.framework in Frameworks */,
			);
			runOnlyForDeploymentPostprocessing = 0;
		};
/* End PBXFrameworksBuildPhase section */

/* Begin PBXGroup section */
		63CA559628A7F79B9274F388 /* Pods */ = {
			isa = PBXGroup;
			children = (
				BC08C619B7DE81E08FE74286 /* Pods-HiroyukiVoiceApp.debug.xcconfig */,
				BFA9D8F7866C102929F43D88 /* Pods-HiroyukiVoiceApp.release.xcconfig */,
				D0FD81812D4861FD4D8093FF /* Pods-HiroyukiVoiceApp-HiroyukiVoiceAppUITests.debug.xcconfig */,
				32AE42BDD597F8EF05DCB8F9 /* Pods-HiroyukiVoiceApp-HiroyukiVoiceAppUITests.release.xcconfig */,
				D18BA53AB98D56430086131A /* Pods-HiroyukiVoiceAppTests.debug.xcconfig */,
				359BF802DF870DD51912B482 /* Pods-HiroyukiVoiceAppTests.release.xcconfig */,
			);
			path = Pods;
			sourceTree = "<group>";
		};
		9E711E1A260A932900C6E5E7 = {
			isa = PBXGroup;
			children = (
				9E711E25260A932900C6E5E7 /* HiroyukiVoiceApp */,
				9E711E3C260A932900C6E5E7 /* HiroyukiVoiceAppTests */,
				9E711E47260A932900C6E5E7 /* HiroyukiVoiceAppUITests */,
				9E711E24260A932900C6E5E7 /* Products */,
				63CA559628A7F79B9274F388 /* Pods */,
				B331E045416CF3DEABC7CF8B /* Frameworks */,
			);
			sourceTree = "<group>";
		};
		9E711E24260A932900C6E5E7 /* Products */ = {
			isa = PBXGroup;
			children = (
				9E711E23260A932900C6E5E7 /* HiroyukiVoiceApp.app */,
				9E711E39260A932900C6E5E7 /* HiroyukiVoiceAppTests.xctest */,
				9E711E44260A932900C6E5E7 /* HiroyukiVoiceAppUITests.xctest */,
			);
			name = Products;
			sourceTree = "<group>";
		};
		9E711E25260A932900C6E5E7 /* HiroyukiVoiceApp */ = {
			isa = PBXGroup;
			children = (
				9E711E26260A932900C6E5E7 /* AppDelegate.swift */,
				9E711E28260A932900C6E5E7 /* SceneDelegate.swift */,
				9E711E6C260AA50C00C6E5E7 /* HiroyukiVoiceAudio */,
				9E711E2C260A932900C6E5E7 /* Main.storyboard */,
				9E40094E264A98C0001F0BED /* OtherViewController.swift */,
				9E711E64260A996900C6E5E7 /* PowerfulQuoteViewController.swift */,
				9E711E7D260AA61500C6E5E7 /* StreamingViewController_01.swift */,
				9E711E82260AB0AF00C6E5E7 /* StreamingViewController_02.swift */,
				9E711E87260AB2C000C6E5E7 /* ExtraViewController.swift */,
				9E711E2F260A932900C6E5E7 /* Assets.xcassets */,
				9E711E31260A932900C6E5E7 /* LaunchScreen.storyboard */,
				9E711E34260A932900C6E5E7 /* Info.plist */,
			);
			path = HiroyukiVoiceApp;
			sourceTree = "<group>";
		};
		9E711E3C260A932900C6E5E7 /* HiroyukiVoiceAppTests */ = {
			isa = PBXGroup;
			children = (
				9E711E3D260A932900C6E5E7 /* HiroyukiVoiceAppTests.swift */,
				9E711E3F260A932900C6E5E7 /* Info.plist */,
			);
			path = HiroyukiVoiceAppTests;
			sourceTree = "<group>";
		};
		9E711E47260A932900C6E5E7 /* HiroyukiVoiceAppUITests */ = {
			isa = PBXGroup;
			children = (
				9E711E48260A932A00C6E5E7 /* HiroyukiVoiceAppUITests.swift */,
				9E711E4A260A932A00C6E5E7 /* Info.plist */,
			);
			path = HiroyukiVoiceAppUITests;
			sourceTree = "<group>";
		};
		9E711E6C260AA50C00C6E5E7 /* HiroyukiVoiceAudio */ = {
			isa = PBXGroup;
			children = (
				9ED7CA112625CFAA00DA9FDC /* エキストラ */,
				9ED7CA102625CFA100DA9FDC /* 配信2 */,
				9ED7CA0F2625CF9300DA9FDC /* 配信1 */,
				9E711E6D260AA50C00C6E5E7 /* 名言 */,
			);
			path = HiroyukiVoiceAudio;
			sourceTree = "<group>";
		};
		9E711E6D260AA50C00C6E5E7 /* 名言 */ = {
			isa = PBXGroup;
			children = (
				9E711E6E260AA50C00C6E5E7 /* ウソつくのやめてもらっていいですか?.mp3 */,
				9ED7CA212625D06500DA9FDC /* ツイッター.mp3 */,
				9ED7CB612626112A00DA9FDC /* トゥイッター.mp3 */,
				9EBB4BAA263555EF0090B015 /* 僕の知り合い.mp3 */,
				9E711E6F260AA50C00C6E5E7 /* あなたの感想ですよね?.mp3 */,
				9E711E70260AA50C00C6E5E7 /* 写像？.mp3 */,
				9ED7CA2E2625D48200DA9FDC /* 彼女というか奥さんというか家内というか.mp3 */,
				9ED7CBD9262AE62400DA9FDC /* ベーシックインカム.mp3 */,
				9ED7CA7C2625E1C600DA9FDC /* バカな人ほど自分を頭良いと.mp3 */,
				9ED7CB142626032700DA9FDC /* 知能の問題.mp3 */,
				9EDDBAEC2625C48B00E3987E /* 不快感を覚えた自分に驚いたんだよね.mp3 */,
				9E711E71260AA50C00C6E5E7 /* はい、いいえで答えてください.mp3 */,
				9E711E72260AA50C00C6E5E7 /* なんかそういうデータあるんですか?.mp3 */,
				9EDDBAF62625C7AD00E3987E /* 舌を肥やすなメシが不味くなるぞ.mp3 */,
				9EDDBAF12625C6BD00E3987E /* 人に対して失礼じゃないですか?.mp3 */,
				9E711E73260AA50C00C6E5E7 /* うそはうそであると見抜ける人でないと.mp3 */,
			);
			path = "名言";
			sourceTree = "<group>";
		};
		9ED7CA0F2625CF9300DA9FDC /* 配信1 */ = {
			isa = PBXGroup;
			children = (
				9ED7CAB02625EC6700DA9FDC /* ッウェッウェッウェッw.mp3 */,
				9ED7CB552626107600DA9FDC /* トゥクトゥクボウシ.mp3 */,
				9ED7CA842625E39800DA9FDC /* バカなんだから.mp3 */,
				9ED7CB0A2626013D00DA9FDC /* バカだと思います.mp3 */,
				9ED7CA4A2625DD0E00DA9FDC /* ぼく、自分が喋った事覚えてないんですよねw.mp3 */,
				9ED7CAB52625ED8100DA9FDC /* はずかしぃ!.mp3 */,
				9ED7CA962625E4E500DA9FDC /* バカなの?.mp3 */,
				9ED7CAE32625FD0F00DA9FDC /* 我好西村博之.mp3 */,
				9ED7CB74262ADA0500DA9FDC /* 嫌です.mp3 */,
				9ED7CAAB2625EAE500DA9FDC /* ビブラートひろゆき.mp3 */,
				9ED7CB05262600D400DA9FDC /* バーカ!!.mp3 */,
				9ED7CB262626078600DA9FDC /* シャトーブリオン.mp3 */,
				9ED7CB4226260AD200DA9FDC /* Suis ne pas chinois(中国人じゃないよ).mp3 */,
				9ED7CACC2625F67000DA9FDC /* 無理です.mp3 */,
				9ED7CB662629AFCC00DA9FDC /* ところがどっこい〜.mp3 */,
				9ED7CAA62625E9C700DA9FDC /* ルビアガレガ.mp3 */,
				9ED7CA452625D8F300DA9FDC /* びっくりするぐらい無能だったんですよね.mp3 */,
				9ED7CAC22625F03800DA9FDC /* 千と千尋ってそんな面白くないよね.mp3 */,
				9EDDBAFB2625C98400E3987E /* トラブル避けた方がいいじゃないですか!.mp3 */,
				9ED7CA8E2625E45E00DA9FDC /* バカなんじゃねぇかな.mp3 */,
			);
			path = "配信1";
			sourceTree = "<group>";
		};
		9ED7CA102625CFA100DA9FDC /* 配信2 */ = {
			isa = PBXGroup;
			children = (
				9E647CDB2664CBA400F05466 /* 今家ですよね？どこに帰るんですかwww.mp3 */,
				9E647CE3266A6B8100F05466 /* ﾌｰﾝ^3.mp3 */,
				9E7A3D44266F62A0006EDF04 /* 打ち合わせ戻っていいですかw.mp3 */,
				9E647CDF266A667B00F05466 /* おっさんがだらだら.mp3 */,
				9E647CED266B9F7C00F05466 /* お、おうw.mp3 */,
				9E647CEB266A6E7C00F05466 /* ひろゆき増殖.mp3 */,
				9E647CDD2664D0B800F05466 /* 芸能人崩れなのよ.mp3 */,
				9ED7CBB4262AE0DF00DA9FDC /* 朝だから起きて～.mp3 */,
			);
			path = "配信2";
			sourceTree = "<group>";
		};
		9ED7CA112625CFAA00DA9FDC /* エキストラ */ = {
			isa = PBXGroup;
			children = (
				9ED7CA402625D75200DA9FDC /* 野菜は美味しいから食べるの!.mp3 */,
				9ED7CA332625D5CA00DA9FDC /* 好きじゃねーよ!.mp3 */,
				9ED7CAED2625FFCB00DA9FDC /* おやすみなさい.mp3 */,
				9E647CD92664C55300F05466 /* もう帰るわ!.mp3 */,
				9ED7CAD62625F9BD00DA9FDC /* ダメだこれ.mp3 */,
				9E647CD72664C4C600F05466 /* ちょ、ちょっと聞けよお前!.mp3 */,
				9ED7CADE2625FAD700DA9FDC /* ベーシックインカマー.mp3 */,
				9ED7CB1C2626040600DA9FDC /* 既存のコピー.mp3 */,
				9ED7CB4A26260BF800DA9FDC /* しゃぞー.mp3 */,
				9ED7CB3D26260ACD00DA9FDC /* Chinise Go!(中国人消えろ).mp3 */,
				9ED7CB21262605E900DA9FDC /* コッコピ.mp3 */,
				9ED7CAD12625F8F600DA9FDC /* インターネットが写像であることに.mp3 */,
			);
			path = "エキストラ";
			sourceTree = "<group>";
		};
		B331E045416CF3DEABC7CF8B /* Frameworks */ = {
			isa = PBXGroup;
			children = (
				C8F370E72E61EE73EF3BC1FC /* Pods_HiroyukiVoiceApp.framework */,
				7CB12662C7F2AB047DBA834D /* Pods_HiroyukiVoiceApp_HiroyukiVoiceAppUITests.framework */,
				4E9882D89FA1D2CDB834F63D /* Pods_HiroyukiVoiceAppTests.framework */,
			);
			name = Frameworks;
			sourceTree = "<group>";
		};
/* End PBXGroup section */

/* Begin PBXNativeTarget section */
		9E711E22260A932900C6E5E7 /* HiroyukiVoiceApp */ = {
			isa = PBXNativeTarget;
			buildConfigurationList = 9E711E4D260A932A00C6E5E7 /* Build configuration list for PBXNativeTarget "HiroyukiVoiceApp" */;
			buildPhases = (
				139CD03D9925B0433CC139DD /* [CP] Check Pods Manifest.lock */,
				9E711E1F260A932900C6E5E7 /* Sources */,
				9E711E20260A932900C6E5E7 /* Frameworks */,
				9E711E21260A932900C6E5E7 /* Resources */,
				693CBAD6E1D3E18105F3CF36 /* [CP] Embed Pods Frameworks */,
			);
			buildRules = (
			);
			dependencies = (
			);
			name = HiroyukiVoiceApp;
			productName = HiroyukiVoiceApp;
			productReference = 9E711E23260A932900C6E5E7 /* HiroyukiVoiceApp.app */;
			productType = "com.apple.product-type.application";
		};
		9E711E38260A932900C6E5E7 /* HiroyukiVoiceAppTests */ = {
			isa = PBXNativeTarget;
			buildConfigurationList = 9E711E50260A932A00C6E5E7 /* Build configuration list for PBXNativeTarget "HiroyukiVoiceAppTests" */;
			buildPhases = (
				6956954A9E7703094FBB4566 /* [CP] Check Pods Manifest.lock */,
				9E711E35260A932900C6E5E7 /* Sources */,
				9E711E36260A932900C6E5E7 /* Frameworks */,
				9E711E37260A932900C6E5E7 /* Resources */,
			);
			buildRules = (
			);
			dependencies = (
				9E711E3B260A932900C6E5E7 /* PBXTargetDependency */,
			);
			name = HiroyukiVoiceAppTests;
			productName = HiroyukiVoiceAppTests;
			productReference = 9E711E39260A932900C6E5E7 /* HiroyukiVoiceAppTests.xctest */;
			productType = "com.apple.product-type.bundle.unit-test";
		};
		9E711E43260A932900C6E5E7 /* HiroyukiVoiceAppUITests */ = {
			isa = PBXNativeTarget;
			buildConfigurationList = 9E711E53260A932A00C6E5E7 /* Build configuration list for PBXNativeTarget "HiroyukiVoiceAppUITests" */;
			buildPhases = (
				08163EAF4C6B9B8D12F5794C /* [CP] Check Pods Manifest.lock */,
				9E711E40260A932900C6E5E7 /* Sources */,
				9E711E41260A932900C6E5E7 /* Frameworks */,
				9E711E42260A932900C6E5E7 /* Resources */,
				6FF7A5F8C126F3E99E1DD606 /* [CP] Embed Pods Frameworks */,
			);
			buildRules = (
			);
			dependencies = (
				9E711E46260A932900C6E5E7 /* PBXTargetDependency */,
			);
			name = HiroyukiVoiceAppUITests;
			productName = HiroyukiVoiceAppUITests;
			productReference = 9E711E44260A932900C6E5E7 /* HiroyukiVoiceAppUITests.xctest */;
			productType = "com.apple.product-type.bundle.ui-testing";
		};
/* End PBXNativeTarget section */

/* Begin PBXProject section */
		9E711E1B260A932900C6E5E7 /* Project object */ = {
			isa = PBXProject;
			attributes = {
				LastSwiftUpdateCheck = 1240;
				LastUpgradeCheck = 1240;
				TargetAttributes = {
					9E711E22260A932900C6E5E7 = {
						CreatedOnToolsVersion = 12.4;
					};
					9E711E38260A932900C6E5E7 = {
						CreatedOnToolsVersion = 12.4;
						TestTargetID = 9E711E22260A932900C6E5E7;
					};
					9E711E43260A932900C6E5E7 = {
						CreatedOnToolsVersion = 12.4;
						TestTargetID = 9E711E22260A932900C6E5E7;
					};
				};
			};
			buildConfigurationList = 9E711E1E260A932900C6E5E7 /* Build configuration list for PBXProject "HiroyukiVoiceApp" */;
			compatibilityVersion = "Xcode 9.3";
			developmentRegion = en;
			hasScannedForEncodings = 0;
			knownRegions = (
				en,
				Base,
				ja,
			);
			mainGroup = 9E711E1A260A932900C6E5E7;
			productRefGroup = 9E711E24260A932900C6E5E7 /* Products */;
			projectDirPath = "";
			projectRoot = "";
			targets = (
				9E711E22260A932900C6E5E7 /* HiroyukiVoiceApp */,
				9E711E38260A932900C6E5E7 /* HiroyukiVoiceAppTests */,
				9E711E43260A932900C6E5E7 /* HiroyukiVoiceAppUITests */,
			);
		};
/* End PBXProject section */

/* Begin PBXResourcesBuildPhase section */
		9E711E21260A932900C6E5E7 /* Resources */ = {
			isa = PBXResourcesBuildPhase;
			buildActionMask = 2147483647;
			files = (
				9ED7CA8F2625E45E00DA9FDC /* バカなんじゃねぇかな.mp3 in Resources */,
				9E647CD82664C4C600F05466 /* ちょ、ちょっと聞けよお前!.mp3 in Resources */,
				9ED7CA342625D5CA00DA9FDC /* 好きじゃねーよ!.mp3 in Resources */,
				9E7A3D45266F62A0006EDF04 /* 打ち合わせ戻っていいですかw.mp3 in Resources */,
				9ED7CBB5262AE0DF00DA9FDC /* 朝だから起きて～.mp3 in Resources */,
				9E711E76260AA50C00C6E5E7 /* 写像？.mp3 in Resources */,
				9E711E77260AA50C00C6E5E7 /* はい、いいえで答えてください.mp3 in Resources */,
				9E647CEC266A6E7C00F05466 /* ひろゆき増殖.mp3 in Resources */,
				9ED7CA972625E4E500DA9FDC /* バカなの?.mp3 in Resources */,
				9ED7CB22262605E900DA9FDC /* コッコピ.mp3 in Resources */,
				9ED7CA412625D75200DA9FDC /* 野菜は美味しいから食べるの!.mp3 in Resources */,
				9ED7CACD2625F67000DA9FDC /* 無理です.mp3 in Resources */,
				9E711E33260A932900C6E5E7 /* LaunchScreen.storyboard in Resources */,
				9E647CE4266A6B8100F05466 /* ﾌｰﾝ^3.mp3 in Resources */,
				9E647CDA2664C55300F05466 /* もう帰るわ!.mp3 in Resources */,
				9ED7CB3E26260ACD00DA9FDC /* Chinise Go!(中国人消えろ).mp3 in Resources */,
				9ED7CB75262ADA0500DA9FDC /* 嫌です.mp3 in Resources */,
				9ED7CAB12625EC6700DA9FDC /* ッウェッウェッウェッw.mp3 in Resources */,
				9E647CEE266B9F7C00F05466 /* お、おうw.mp3 in Resources */,
				9ED7CB622626112A00DA9FDC /* トゥイッター.mp3 in Resources */,
				9ED7CAD22625F8F600DA9FDC /* インターネットが写像であることに.mp3 in Resources */,
				9E711E30260A932900C6E5E7 /* Assets.xcassets in Resources */,
				9ED7CADF2625FAD700DA9FDC /* ベーシックインカマー.mp3 in Resources */,
				9ED7CA4B2625DD0E00DA9FDC /* ぼく、自分が喋った事覚えてないんですよねw.mp3 in Resources */,
				9EBB4BAB263555EF0090B015 /* 僕の知り合い.mp3 in Resources */,
				9EDDBAFC2625C98400E3987E /* トラブル避けた方がいいじゃないですか!.mp3 in Resources */,
				9E711E74260AA50C00C6E5E7 /* ウソつくのやめてもらっていいですか?.mp3 in Resources */,
				9ED7CBDA262AE62400DA9FDC /* ベーシックインカム.mp3 in Resources */,
				9ED7CB0B2626013D00DA9FDC /* バカだと思います.mp3 in Resources */,
				9E711E75260AA50C00C6E5E7 /* あなたの感想ですよね?.mp3 in Resources */,
				9ED7CB562626107600DA9FDC /* トゥクトゥクボウシ.mp3 in Resources */,
				9EDDBAF72625C7AD00E3987E /* 舌を肥やすなメシが不味くなるぞ.mp3 in Resources */,
				9ED7CAE42625FD0F00DA9FDC /* 我好西村博之.mp3 in Resources */,
				9ED7CA7D2625E1C600DA9FDC /* バカな人ほど自分を頭良いと.mp3 in Resources */,
				9EDDBAED2625C48B00E3987E /* 不快感を覚えた自分に驚いたんだよね.mp3 in Resources */,
				9ED7CA852625E39800DA9FDC /* バカなんだから.mp3 in Resources */,
				9ED7CB272626078600DA9FDC /* シャトーブリオン.mp3 in Resources */,
				9E711E79260AA50C00C6E5E7 /* うそはうそであると見抜ける人でないと.mp3 in Resources */,
				9E647CE0266A667B00F05466 /* おっさんがだらだら.mp3 in Resources */,
				9ED7CB06262600D400DA9FDC /* バーカ!!.mp3 in Resources */,
				9ED7CB4B26260BF800DA9FDC /* しゃぞー.mp3 in Resources */,
				9ED7CA462625D8F300DA9FDC /* びっくりするぐらい無能だったんですよね.mp3 in Resources */,
				9ED7CB672629AFCC00DA9FDC /* ところがどっこい〜.mp3 in Resources */,
				9ED7CAAC2625EAE500DA9FDC /* ビブラートひろゆき.mp3 in Resources */,
				9ED7CAA72625E9C700DA9FDC /* ルビアガレガ.mp3 in Resources */,
				9ED7CB4326260AD200DA9FDC /* Suis ne pas chinois(中国人じゃないよ).mp3 in Resources */,
				9ED7CB1D2626040600DA9FDC /* 既存のコピー.mp3 in Resources */,
				9ED7CAEE2625FFCB00DA9FDC /* おやすみなさい.mp3 in Resources */,
				9E647CDC2664CBA400F05466 /* 今家ですよね？どこに帰るんですかwww.mp3 in Resources */,
				9ED7CAC32625F03800DA9FDC /* 千と千尋ってそんな面白くないよね.mp3 in Resources */,
				9E711E78260AA50C00C6E5E7 /* なんかそういうデータあるんですか?.mp3 in Resources */,
				9E647CDE2664D0B800F05466 /* 芸能人崩れなのよ.mp3 in Resources */,
				9ED7CA2F2625D48200DA9FDC /* 彼女というか奥さんというか家内というか.mp3 in Resources */,
				9ED7CB152626032700DA9FDC /* 知能の問題.mp3 in Resources */,
				9ED7CA222625D06500DA9FDC /* ツイッター.mp3 in Resources */,
				9ED7CAB62625ED8100DA9FDC /* はずかしぃ!.mp3 in Resources */,
				9ED7CAD72625F9BD00DA9FDC /* ダメだこれ.mp3 in Resources */,
				9E711E2E260A932900C6E5E7 /* Main.storyboard in Resources */,
				9EDDBAF22625C6BD00E3987E /* 人に対して失礼じゃないですか?.mp3 in Resources */,
			);
			runOnlyForDeploymentPostprocessing = 0;
		};
		9E711E37260A932900C6E5E7 /* Resources */ = {
			isa = PBXResourcesBuildPhase;
			buildActionMask = 2147483647;
			files = (
			);
			runOnlyForDeploymentPostprocessing = 0;
		};
		9E711E42260A932900C6E5E7 /* Resources */ = {
			isa = PBXResourcesBuildPhase;
			buildActionMask = 2147483647;
			files = (
			);
			runOnlyForDeploymentPostprocessing = 0;
		};
/* End PBXResourcesBuildPhase section */

/* Begin PBXShellScriptBuildPhase section */
		08163EAF4C6B9B8D12F5794C /* [CP] Check Pods Manifest.lock */ = {
			isa = PBXShellScriptBuildPhase;
			buildActionMask = 2147483647;
			files = (
			);
			inputFileListPaths = (
			);
			inputPaths = (
				"${PODS_PODFILE_DIR_PATH}/Podfile.lock",
				"${PODS_ROOT}/Manifest.lock",
			);
			name = "[CP] Check Pods Manifest.lock";
			outputFileListPaths = (
			);
			outputPaths = (
				"$(DERIVED_FILE_DIR)/Pods-HiroyukiVoiceApp-HiroyukiVoiceAppUITests-checkManifestLockResult.txt",
			);
			runOnlyForDeploymentPostprocessing = 0;
			shellPath = /bin/sh;
			shellScript = "diff \"${PODS_PODFILE_DIR_PATH}/Podfile.lock\" \"${PODS_ROOT}/Manifest.lock\" > /dev/null\nif [ $? != 0 ] ; then\n    # print error to STDERR\n    echo \"error: The sandbox is not in sync with the Podfile.lock. Run 'pod install' or update your CocoaPods installation.\" >&2\n    exit 1\nfi\n# This output is used by Xcode 'outputs' to avoid re-running this script phase.\necho \"SUCCESS\" > \"${SCRIPT_OUTPUT_FILE_0}\"\n";
			showEnvVarsInLog = 0;
		};
		139CD03D9925B0433CC139DD /* [CP] Check Pods Manifest.lock */ = {
			isa = PBXShellScriptBuildPhase;
			buildActionMask = 2147483647;
			files = (
			);
			inputFileListPaths = (
			);
			inputPaths = (
				"${PODS_PODFILE_DIR_PATH}/Podfile.lock",
				"${PODS_ROOT}/Manifest.lock",
			);
			name = "[CP] Check Pods Manifest.lock";
			outputFileListPaths = (
			);
			outputPaths = (
				"$(DERIVED_FILE_DIR)/Pods-HiroyukiVoiceApp-checkManifestLockResult.txt",
			);
			runOnlyForDeploymentPostprocessing = 0;
			shellPath = /bin/sh;
			shellScript = "diff \"${PODS_PODFILE_DIR_PATH}/Podfile.lock\" \"${PODS_ROOT}/Manifest.lock\" > /dev/null\nif [ $? != 0 ] ; then\n    # print error to STDERR\n    echo \"error: The sandbox is not in sync with the Podfile.lock. Run 'pod install' or update your CocoaPods installation.\" >&2\n    exit 1\nfi\n# This output is used by Xcode 'outputs' to avoid re-running this script phase.\necho \"SUCCESS\" > \"${SCRIPT_OUTPUT_FILE_0}\"\n";
			showEnvVarsInLog = 0;
		};
		693CBAD6E1D3E18105F3CF36 /* [CP] Embed Pods Frameworks */ = {
			isa = PBXShellScriptBuildPhase;
			buildActionMask = 2147483647;
			files = (
			);
			inputFileListPaths = (
				"${PODS_ROOT}/Target Support Files/Pods-HiroyukiVoiceApp/Pods-HiroyukiVoiceApp-frameworks-${CONFIGURATION}-input-files.xcfilelist",
			);
			name = "[CP] Embed Pods Frameworks";
			outputFileListPaths = (
				"${PODS_ROOT}/Target Support Files/Pods-HiroyukiVoiceApp/Pods-HiroyukiVoiceApp-frameworks-${CONFIGURATION}-output-files.xcfilelist",
			);
			runOnlyForDeploymentPostprocessing = 0;
			shellPath = /bin/sh;
			shellScript = "\"${PODS_ROOT}/Target Support Files/Pods-HiroyukiVoiceApp/Pods-HiroyukiVoiceApp-frameworks.sh\"\n";
			showEnvVarsInLog = 0;
		};
		6956954A9E7703094FBB4566 /* [CP] Check Pods Manifest.lock */ = {
			isa = PBXShellScriptBuildPhase;
			buildActionMask = 2147483647;
			files = (
			);
			inputFileListPaths = (
			);
			inputPaths = (
				"${PODS_PODFILE_DIR_PATH}/Podfile.lock",
				"${PODS_ROOT}/Manifest.lock",
			);
			name = "[CP] Check Pods Manifest.lock";
			outputFileListPaths = (
			);
			outputPaths = (
				"$(DERIVED_FILE_DIR)/Pods-HiroyukiVoiceAppTests-checkManifestLockResult.txt",
			);
			runOnlyForDeploymentPostprocessing = 0;
			shellPath = /bin/sh;
			shellScript = "diff \"${PODS_PODFILE_DIR_PATH}/Podfile.lock\" \"${PODS_ROOT}/Manifest.lock\" > /dev/null\nif [ $? != 0 ] ; then\n    # print error to STDERR\n    echo \"error: The sandbox is not in sync with the Podfile.lock. Run 'pod install' or update your CocoaPods installation.\" >&2\n    exit 1\nfi\n# This output is used by Xcode 'outputs' to avoid re-running this script phase.\necho \"SUCCESS\" > \"${SCRIPT_OUTPUT_FILE_0}\"\n";
			showEnvVarsInLog = 0;
		};
		6FF7A5F8C126F3E99E1DD606 /* [CP] Embed Pods Frameworks */ = {
			isa = PBXShellScriptBuildPhase;
			buildActionMask = 2147483647;
			files = (
			);
			inputFileListPaths = (
				"${PODS_ROOT}/Target Support Files/Pods-HiroyukiVoiceApp-HiroyukiVoiceAppUITests/Pods-HiroyukiVoiceApp-HiroyukiVoiceAppUITests-frameworks-${CONFIGURATION}-input-files.xcfilelist",
			);
			name = "[CP] Embed Pods Frameworks";
			outputFileListPaths = (
				"${PODS_ROOT}/Target Support Files/Pods-HiroyukiVoiceApp-HiroyukiVoiceAppUITests/Pods-HiroyukiVoiceApp-HiroyukiVoiceAppUITests-frameworks-${CONFIGURATION}-output-files.xcfilelist",
			);
			runOnlyForDeploymentPostprocessing = 0;
			shellPath = /bin/sh;
			shellScript = "\"${PODS_ROOT}/Target Support Files/Pods-HiroyukiVoiceApp-HiroyukiVoiceAppUITests/Pods-HiroyukiVoiceApp-HiroyukiVoiceAppUITests-frameworks.sh\"\n";
			showEnvVarsInLog = 0;
		};
/* End PBXShellScriptBuildPhase section */

/* Begin PBXSourcesBuildPhase section */
		9E711E1F260A932900C6E5E7 /* Sources */ = {
			isa = PBXSourcesBuildPhase;
			buildActionMask = 2147483647;
			files = (
				9E711E7E260AA61500C6E5E7 /* StreamingViewController_01.swift in Sources */,
				9E711E27260A932900C6E5E7 /* AppDelegate.swift in Sources */,
				9E40094F264A98C0001F0BED /* OtherViewController.swift in Sources */,
				9E711E29260A932900C6E5E7 /* SceneDelegate.swift in Sources */,
				9E711E83260AB0AF00C6E5E7 /* StreamingViewController_02.swift in Sources */,
				9E711E65260A996900C6E5E7 /* PowerfulQuoteViewController.swift in Sources */,
				9E711E88260AB2C000C6E5E7 /* ExtraViewController.swift in Sources */,
			);
			runOnlyForDeploymentPostprocessing = 0;
		};
		9E711E35260A932900C6E5E7 /* Sources */ = {
			isa = PBXSourcesBuildPhase;
			buildActionMask = 2147483647;
			files = (
				9E711E3E260A932900C6E5E7 /* HiroyukiVoiceAppTests.swift in Sources */,
			);
			runOnlyForDeploymentPostprocessing = 0;
		};
		9E711E40260A932900C6E5E7 /* Sources */ = {
			isa = PBXSourcesBuildPhase;
			buildActionMask = 2147483647;
			files = (
				9E711E49260A932A00C6E5E7 /* HiroyukiVoiceAppUITests.swift in Sources */,
			);
			runOnlyForDeploymentPostprocessing = 0;
		};
/* End PBXSourcesBuildPhase section */

/* Begin PBXTargetDependency section */
		9E711E3B260A932900C6E5E7 /* PBXTargetDependency */ = {
			isa = PBXTargetDependency;
			target = 9E711E22260A932900C6E5E7 /* HiroyukiVoiceApp */;
			targetProxy = 9E711E3A260A932900C6E5E7 /* PBXContainerItemProxy */;
		};
		9E711E46260A932900C6E5E7 /* PBXTargetDependency */ = {
			isa = PBXTargetDependency;
			target = 9E711E22260A932900C6E5E7 /* HiroyukiVoiceApp */;
			targetProxy = 9E711E45260A932900C6E5E7 /* PBXContainerItemProxy */;
		};
/* End PBXTargetDependency section */

/* Begin PBXVariantGroup section */
		9E711E2C260A932900C6E5E7 /* Main.storyboard */ = {
			isa = PBXVariantGroup;
			children = (
				9E711E2D260A932900C6E5E7 /* Base */,
				9E2AB6AE2655271E00CA538E /* ja */,
			);
			name = Main.storyboard;
			sourceTree = "<group>";
		};
		9E711E31260A932900C6E5E7 /* LaunchScreen.storyboard */ = {
			isa = PBXVariantGroup;
			children = (
				9E711E32260A932900C6E5E7 /* Base */,
				9E2AB6AF2655271E00CA538E /* ja */,
			);
			name = LaunchScreen.storyboard;
			sourceTree = "<group>";
		};
/* End PBXVariantGroup section */

/* Begin XCBuildConfiguration section */
		9E711E4B260A932A00C6E5E7 /* Debug */ = {
			isa = XCBuildConfiguration;
			buildSettings = {
				ALWAYS_SEARCH_USER_PATHS = NO;
				CLANG_ANALYZER_LOCALIZABILITY_NONLOCALIZED = YES;
				CLANG_ANALYZER_NONNULL = YES;
				CLANG_ANALYZER_NUMBER_OBJECT_CONVERSION = YES_AGGRESSIVE;
				CLANG_CXX_LANGUAGE_STANDARD = "gnu++14";
				CLANG_CXX_LIBRARY = "libc++";
				CLANG_ENABLE_MODULES = YES;
				CLANG_ENABLE_OBJC_ARC = YES;
				CLANG_ENABLE_OBJC_WEAK = YES;
				CLANG_WARN_BLOCK_CAPTURE_AUTORELEASING = YES;
				CLANG_WARN_BOOL_CONVERSION = YES;
				CLANG_WARN_COMMA = YES;
				CLANG_WARN_CONSTANT_CONVERSION = YES;
				CLANG_WARN_DEPRECATED_OBJC_IMPLEMENTATIONS = YES;
				CLANG_WARN_DIRECT_OBJC_ISA_USAGE = YES_ERROR;
				CLANG_WARN_DOCUMENTATION_COMMENTS = YES;
				CLANG_WARN_EMPTY_BODY = YES;
				CLANG_WARN_ENUM_CONVERSION = YES;
				CLANG_WARN_INFINITE_RECURSION = YES;
				CLANG_WARN_INT_CONVERSION = YES;
				CLANG_WARN_NON_LITERAL_NULL_CONVERSION = YES;
				CLANG_WARN_OBJC_IMPLICIT_RETAIN_SELF = YES;
				CLANG_WARN_OBJC_LITERAL_CONVERSION = YES;
				CLANG_WARN_OBJC_ROOT_CLASS = YES_ERROR;
				CLANG_WARN_QUOTED_INCLUDE_IN_FRAMEWORK_HEADER = YES;
				CLANG_WARN_RANGE_LOOP_ANALYSIS = YES;
				CLANG_WARN_STRICT_PROTOTYPES = YES;
				CLANG_WARN_SUSPICIOUS_MOVE = YES;
				CLANG_WARN_UNGUARDED_AVAILABILITY = YES_AGGRESSIVE;
				CLANG_WARN_UNREACHABLE_CODE = YES;
				CLANG_WARN__DUPLICATE_METHOD_MATCH = YES;
				COPY_PHASE_STRIP = NO;
				DEBUG_INFORMATION_FORMAT = dwarf;
				ENABLE_STRICT_OBJC_MSGSEND = YES;
				ENABLE_TESTABILITY = YES;
				GCC_C_LANGUAGE_STANDARD = gnu11;
				GCC_DYNAMIC_NO_PIC = NO;
				GCC_NO_COMMON_BLOCKS = YES;
				GCC_OPTIMIZATION_LEVEL = 0;
				GCC_PREPROCESSOR_DEFINITIONS = (
					"DEBUG=1",
					"$(inherited)",
				);
				GCC_WARN_64_TO_32_BIT_CONVERSION = YES;
				GCC_WARN_ABOUT_RETURN_TYPE = YES_ERROR;
				GCC_WARN_UNDECLARED_SELECTOR = YES;
				GCC_WARN_UNINITIALIZED_AUTOS = YES_AGGRESSIVE;
				GCC_WARN_UNUSED_FUNCTION = YES;
				GCC_WARN_UNUSED_VARIABLE = YES;
				IPHONEOS_DEPLOYMENT_TARGET = 14.4;
				MTL_ENABLE_DEBUG_INFO = INCLUDE_SOURCE;
				MTL_FAST_MATH = YES;
				ONLY_ACTIVE_ARCH = YES;
				SDKROOT = iphoneos;
				SWIFT_ACTIVE_COMPILATION_CONDITIONS = DEBUG;
				SWIFT_OPTIMIZATION_LEVEL = "-Onone";
			};
			name = Debug;
		};
		9E711E4C260A932A00C6E5E7 /* Release */ = {
			isa = XCBuildConfiguration;
			buildSettings = {
				ALWAYS_SEARCH_USER_PATHS = NO;
				CLANG_ANALYZER_LOCALIZABILITY_NONLOCALIZED = YES;
				CLANG_ANALYZER_NONNULL = YES;
				CLANG_ANALYZER_NUMBER_OBJECT_CONVERSION = YES_AGGRESSIVE;
				CLANG_CXX_LANGUAGE_STANDARD = "gnu++14";
				CLANG_CXX_LIBRARY = "libc++";
				CLANG_ENABLE_MODULES = YES;
				CLANG_ENABLE_OBJC_ARC = YES;
				CLANG_ENABLE_OBJC_WEAK = YES;
				CLANG_WARN_BLOCK_CAPTURE_AUTORELEASING = YES;
				CLANG_WARN_BOOL_CONVERSION = YES;
				CLANG_WARN_COMMA = YES;
				CLANG_WARN_CONSTANT_CONVERSION = YES;
				CLANG_WARN_DEPRECATED_OBJC_IMPLEMENTATIONS = YES;
				CLANG_WARN_DIRECT_OBJC_ISA_USAGE = YES_ERROR;
				CLANG_WARN_DOCUMENTATION_COMMENTS = YES;
				CLANG_WARN_EMPTY_BODY = YES;
				CLANG_WARN_ENUM_CONVERSION = YES;
				CLANG_WARN_INFINITE_RECURSION = YES;
				CLANG_WARN_INT_CONVERSION = YES;
				CLANG_WARN_NON_LITERAL_NULL_CONVERSION = YES;
				CLANG_WARN_OBJC_IMPLICIT_RETAIN_SELF = YES;
				CLANG_WARN_OBJC_LITERAL_CONVERSION = YES;
				CLANG_WARN_OBJC_ROOT_CLASS = YES_ERROR;
				CLANG_WARN_QUOTED_INCLUDE_IN_FRAMEWORK_HEADER = YES;
				CLANG_WARN_RANGE_LOOP_ANALYSIS = YES;
				CLANG_WARN_STRICT_PROTOTYPES = YES;
				CLANG_WARN_SUSPICIOUS_MOVE = YES;
				CLANG_WARN_UNGUARDED_AVAILABILITY = YES_AGGRESSIVE;
				CLANG_WARN_UNREACHABLE_CODE = YES;
				CLANG_WARN__DUPLICATE_METHOD_MATCH = YES;
				COPY_PHASE_STRIP = NO;
				DEBUG_INFORMATION_FORMAT = "dwarf-with-dsym";
				ENABLE_NS_ASSERTIONS = NO;
				ENABLE_STRICT_OBJC_MSGSEND = YES;
				GCC_C_LANGUAGE_STANDARD = gnu11;
				GCC_NO_COMMON_BLOCKS = YES;
				GCC_WARN_64_TO_32_BIT_CONVERSION = YES;
				GCC_WARN_ABOUT_RETURN_TYPE = YES_ERROR;
				GCC_WARN_UNDECLARED_SELECTOR = YES;
				GCC_WARN_UNINITIALIZED_AUTOS = YES_AGGRESSIVE;
				GCC_WARN_UNUSED_FUNCTION = YES;
				GCC_WARN_UNUSED_VARIABLE = YES;
				IPHONEOS_DEPLOYMENT_TARGET = 14.4;
				MTL_ENABLE_DEBUG_INFO = NO;
				MTL_FAST_MATH = YES;
				SDKROOT = iphoneos;
				SWIFT_COMPILATION_MODE = wholemodule;
				SWIFT_OPTIMIZATION_LEVEL = "-O";
				VALIDATE_PRODUCT = YES;
			};
			name = Release;
		};
		9E711E4E260A932A00C6E5E7 /* Debug */ = {
			isa = XCBuildConfiguration;
			baseConfigurationReference = BC08C619B7DE81E08FE74286 /* Pods-HiroyukiVoiceApp.debug.xcconfig */;
			buildSettings = {
				ASSETCATALOG_COMPILER_APPICON_NAME = AppIcon;
				ASSETCATALOG_COMPILER_GLOBAL_ACCENT_COLOR_NAME = AccentColor;
				CODE_SIGN_STYLE = Automatic;
				CURRENT_PROJECT_VERSION = 1.0;
				DEVELOPMENT_TEAM = L27GL78CVB;
				INFOPLIST_FILE = HiroyukiVoiceApp/Info.plist;
				IPHONEOS_DEPLOYMENT_TARGET = 14.1;
				LD_RUNPATH_SEARCH_PATHS = (
					"$(inherited)",
					"@executable_path/Frameworks",
				);
				MARKETING_VERSION = 1.1;
				PRODUCT_BUNDLE_IDENTIFIER = com.yasinoki.HiroyukiVoiceApp;
				PRODUCT_NAME = "$(TARGET_NAME)";
				SWIFT_VERSION = 5.0;
				TARGETED_DEVICE_FAMILY = 1;
			};
			name = Debug;
		};
		9E711E4F260A932A00C6E5E7 /* Release */ = {
			isa = XCBuildConfiguration;
			baseConfigurationReference = BFA9D8F7866C102929F43D88 /* Pods-HiroyukiVoiceApp.release.xcconfig */;
			buildSettings = {
				ASSETCATALOG_COMPILER_APPICON_NAME = AppIcon;
				ASSETCATALOG_COMPILER_GLOBAL_ACCENT_COLOR_NAME = AccentColor;
				CODE_SIGN_STYLE = Automatic;
				CURRENT_PROJECT_VERSION = 1.0;
				DEVELOPMENT_TEAM = L27GL78CVB;
				INFOPLIST_FILE = HiroyukiVoiceApp/Info.plist;
				IPHONEOS_DEPLOYMENT_TARGET = 14.1;
				LD_RUNPATH_SEARCH_PATHS = (
					"$(inherited)",
					"@executable_path/Frameworks",
				);
				MARKETING_VERSION = 1.1;
				PRODUCT_BUNDLE_IDENTIFIER = com.yasinoki.HiroyukiVoiceApp;
				PRODUCT_NAME = "$(TARGET_NAME)";
				SWIFT_VERSION = 5.0;
				TARGETED_DEVICE_FAMILY = 1;
			};
			name = Release;
		};
		9E711E51260A932A00C6E5E7 /* Debug */ = {
			isa = XCBuildConfiguration;
			baseConfigurationReference = D18BA53AB98D56430086131A /* Pods-HiroyukiVoiceAppTests.debug.xcconfig */;
			buildSettings = {
				ALWAYS_EMBED_SWIFT_STANDARD_LIBRARIES = YES;
				BUNDLE_LOADER = "$(TEST_HOST)";
				CODE_SIGN_STYLE = Automatic;
				DEVELOPMENT_TEAM = L27GL78CVB;
				INFOPLIST_FILE = HiroyukiVoiceAppTests/Info.plist;
				IPHONEOS_DEPLOYMENT_TARGET = 14.4;
				LD_RUNPATH_SEARCH_PATHS = (
					"$(inherited)",
					"@executable_path/Frameworks",
					"@loader_path/Frameworks",
				);
				PRODUCT_BUNDLE_IDENTIFIER = com.yasinoki.HiroyukiVoiceAppTests;
				PRODUCT_NAME = "$(TARGET_NAME)";
				SWIFT_VERSION = 5.0;
				TARGETED_DEVICE_FAMILY = "1,2";
				TEST_HOST = "$(BUILT_PRODUCTS_DIR)/HiroyukiVoiceApp.app/HiroyukiVoiceApp";
			};
			name = Debug;
		};
		9E711E52260A932A00C6E5E7 /* Release */ = {
			isa = XCBuildConfiguration;
			baseConfigurationReference = 359BF802DF870DD51912B482 /* Pods-HiroyukiVoiceAppTests.release.xcconfig */;
			buildSettings = {
				ALWAYS_EMBED_SWIFT_STANDARD_LIBRARIES = YES;
				BUNDLE_LOADER = "$(TEST_HOST)";
				CODE_SIGN_STYLE = Automatic;
				DEVELOPMENT_TEAM = L27GL78CVB;
				INFOPLIST_FILE = HiroyukiVoiceAppTests/Info.plist;
				IPHONEOS_DEPLOYMENT_TARGET = 14.4;
				LD_RUNPATH_SEARCH_PATHS = (
					"$(inherited)",
					"@executable_path/Frameworks",
					"@loader_path/Frameworks",
				);
				PRODUCT_BUNDLE_IDENTIFIER = com.yasinoki.HiroyukiVoiceAppTests;
				PRODUCT_NAME = "$(TARGET_NAME)";
				SWIFT_VERSION = 5.0;
				TARGETED_DEVICE_FAMILY = "1,2";
				TEST_HOST = "$(BUILT_PRODUCTS_DIR)/HiroyukiVoiceApp.app/HiroyukiVoiceApp";
			};
			name = Release;
		};
		9E711E54260A932A00C6E5E7 /* Debug */ = {
			isa = XCBuildConfiguration;
			baseConfigurationReference = D0FD81812D4861FD4D8093FF /* Pods-HiroyukiVoiceApp-HiroyukiVoiceAppUITests.debug.xcconfig */;
			buildSettings = {
				ALWAYS_EMBED_SWIFT_STANDARD_LIBRARIES = YES;
				CODE_SIGN_STYLE = Automatic;
				DEVELOPMENT_TEAM = L27GL78CVB;
				INFOPLIST_FILE = HiroyukiVoiceAppUITests/Info.plist;
				LD_RUNPATH_SEARCH_PATHS = (
					"$(inherited)",
					"@executable_path/Frameworks",
					"@loader_path/Frameworks",
				);
				PRODUCT_BUNDLE_IDENTIFIER = com.yasinoki.HiroyukiVoiceAppUITests;
				PRODUCT_NAME = "$(TARGET_NAME)";
				SWIFT_VERSION = 5.0;
				TARGETED_DEVICE_FAMILY = "1,2";
				TEST_TARGET_NAME = HiroyukiVoiceApp;
			};
			name = Debug;
		};
		9E711E55260A932A00C6E5E7 /* Release */ = {
			isa = XCBuildConfiguration;
			baseConfigurationReference = 32AE42BDD597F8EF05DCB8F9 /* Pods-HiroyukiVoiceApp-HiroyukiVoiceAppUITests.release.xcconfig */;
			buildSettings = {
				ALWAYS_EMBED_SWIFT_STANDARD_LIBRARIES = YES;
				CODE_SIGN_STYLE = Automatic;
				DEVELOPMENT_TEAM = L27GL78CVB;
				INFOPLIST_FILE = HiroyukiVoiceAppUITests/Info.plist;
				LD_RUNPATH_SEARCH_PATHS = (
					"$(inherited)",
					"@executable_path/Frameworks",
					"@loader_path/Frameworks",
				);
				PRODUCT_BUNDLE_IDENTIFIER = com.yasinoki.HiroyukiVoiceAppUITests;
				PRODUCT_NAME = "$(TARGET_NAME)";
				SWIFT_VERSION = 5.0;
				TARGETED_DEVICE_FAMILY = "1,2";
				TEST_TARGET_NAME = HiroyukiVoiceApp;
			};
			name = Release;
		};
/* End XCBuildConfiguration section */

/* Begin XCConfigurationList section */
		9E711E1E260A932900C6E5E7 /* Build configuration list for PBXProject "HiroyukiVoiceApp" */ = {
			isa = XCConfigurationList;
			buildConfigurations = (
				9E711E4B260A932A00C6E5E7 /* Debug */,
				9E711E4C260A932A00C6E5E7 /* Release */,
			);
			defaultConfigurationIsVisible = 0;
			defaultConfigurationName = Release;
		};
		9E711E4D260A932A00C6E5E7 /* Build configuration list for PBXNativeTarget "HiroyukiVoiceApp" */ = {
			isa = XCConfigurationList;
			buildConfigurations = (
				9E711E4E260A932A00C6E5E7 /* Debug */,
				9E711E4F260A932A00C6E5E7 /* Release */,
			);
			defaultConfigurationIsVisible = 0;
			defaultConfigurationName = Release;
		};
		9E711E50260A932A00C6E5E7 /* Build configuration list for PBXNativeTarget "HiroyukiVoiceAppTests" */ = {
			isa = XCConfigurationList;
			buildConfigurations = (
				9E711E51260A932A00C6E5E7 /* Debug */,
				9E711E52260A932A00C6E5E7 /* Release */,
			);
			defaultConfigurationIsVisible = 0;
			defaultConfigurationName = Release;
		};
		9E711E53260A932A00C6E5E7 /* Build configuration list for PBXNativeTarget "HiroyukiVoiceAppUITests" */ = {
			isa = XCConfigurationList;
			buildConfigurations = (
				9E711E54260A932A00C6E5E7 /* Debug */,
				9E711E55260A932A00C6E5E7 /* Release */,
			);
			defaultConfigurationIsVisible = 0;
			defaultConfigurationName = Release;
		};
/* End XCConfigurationList section */
	};
	rootObject = 9E711E1B260A932900C6E5E7 /* Project object */;
}
